github.com/gorilla/mux v1.8.1 h1:TuBL49tXwgrFYWhqrNgrUNEY92u81SPhu7sTdzQEiWY=
github.com/gorilla/mux v1.8.1/go.mod h1:AKf9I4AEqPTmMytcMc0KkNouC66V3BtZ4qD5fmWSiMQ=
github.com/knadh/go-get-youtube v0.0.0-20191105144436-94a3fa9fdab3 h1:fOcmyqzEt3+twVJy/vCM5dfzvyzrjoySQsmtn8Hy4oQ=
github.com/knadh/go-get-youtube v0.0.0-20191105144436-94a3fa9fdab3/go.mod h1:aAnZN7Jo4aUTKaZcdXsGyaOlPYTumCYE6SE9uR6ybVU=
